# Generated by scripts/lock_dependencies.py; do not edit by hand.
# Target: Python 3.11, platform win32.
# Regenerate from a fresh pip --ignore-installed resolution report.

accelerate==1.14.0 --hash=sha256:e94390c2863b873be18f623f9df48a0d8fe5eff13ea7f1a00092b0a7904888c6
aiohappyeyeballs==2.7.1 --hash=sha256:9243213661e29250eb41368e5daa826fc017156c3b8a11440826b2e3ed376472
aiohttp==3.14.3 --hash=sha256:e1e74298bab6ee0d6e749ed4fd1901c7e604bdda32c03d787a2cc71c46d0433d
aiosignal==1.4.0 --hash=sha256:053243f8b92b990551949e63930a839ff0cf0b0ebbe0597b0f3fb19e1a0fe82e
annotated-doc==0.0.5 --hash=sha256:117bac03a25ede5df5440e855b32d556049ca169ead221505badf432fed4b101
annotated-types==0.8.0 --hash=sha256:f072f4d804ea359e4eaf198b1af7a8b0943881a87f31bb764f8bf219bb9419e0
antlr4-python3-runtime==4.9.3 --hash=sha256:f224469b4168294902bb1efa80a8bf7855f24c99aef99cbefc1bcd3cce77881b
anyio==4.14.2 --hash=sha256:9f505dda5ac9f0c8309b5e8bd445a8c2bf7246f3ce950121e45ea15bc41d1494
asgiref==3.12.1 --hash=sha256:fe386d1c2bff7259ea95929266d12a8cf9a8b5a1c2598402967d8792e7a7c094
attrs==26.1.0 --hash=sha256:c647aa4a12dfbad9333ca4e71fe62ddc36f4e63b2d260a37a8b83d2f043ac309
backoff==2.2.1 --hash=sha256:63579f9a0628e06278f7e47b7d7d5b6ce20dc65c5e96a6f3ca99a6adca0396e8
bcrypt==5.0.0 --hash=sha256:64ee8434b0da054d830fa8e89e1c8bf30061d539044a39524ff7dec90481e5c2
beautifulsoup4==4.15.0 --hash=sha256:d6f88de62e1d4e38ecb1077eb9724cd0eff29d2a08ca16a401e9b9e93f117cf9
build==1.5.0 --hash=sha256:13f3eecb844759ab66efec90ca17639bbf14dc06cb2fdf37a9010322d9c50a6f
certifi==2026.7.22 --hash=sha256:62f22742b58a1a33014a2b6b706588a8d7e2a88ae7bd1a6ebe8c992928483775
cffi==2.1.1 --hash=sha256:42f6930c31dc7f50732c9ae793c2786c7b6b044195967bbdde40bb9be81c4cc0
charset-normalizer==3.5.0 --hash=sha256:8cb9b6892b53bd6d11fa4cde3dbee020b1f0b6656be1fbaa1ec0d4324a7839db
chroma-hnswlib==0.7.3 --hash=sha256:b7dca27b8896b494456db0fd705b689ac6b73af78e186eb6a42fea2de4f71c6f
chromadb==0.5.3 --hash=sha256:b3874f08356e291c68c6d2e177db472cd51f22f3af7b9746215b748fd1e29982
click==8.4.2 --hash=sha256:e6f9f66136c816745b9d65817da91d61d957fb16e02e4dcd0552553c5a197b76
colorama==0.4.6 --hash=sha256:4f1d9991f5acc0ca119f9d443620b77f9d6b33703e51011c16baf57afb285fc6
colorlog==6.12.0 --hash=sha256:30d392604e9110045a2c2aeefc27d7a017abbab63f3a8aee594eac0801df784e
cryptography==50.0.0 --hash=sha256:bd1c592e4d5974f0d08d4888e432157adba757c66da0246918e43677fafa2d30
dataclasses-json==0.6.7 --hash=sha256:0dbf33f26c8d5305befd61b39d2b3414e8a407bedc2834dea9b8d642666fb40a
defusedxml==0.7.1 --hash=sha256:a352e7e428770286cc899e2542b6cdaedb2b4953ff269a210103ec58f6198a61
dill==0.4.1 --hash=sha256:1e1ce33e978ae97fcfcff5638477032b801c46c7c65cf717f95fbc2248f79a9d
doclang==0.7.3 --hash=sha256:9440c4ca9f7e061a7b8d33bdf15b1029be69a4c13cd8952dd6ce541884e4c685
docling==2.115.0 --hash=sha256:1a3d9bdf2f82610e97085a1a1b53cf259d1bd7aff97651ff2decc3b2b105123c
docling-core==2.88.0 --hash=sha256:b2872bc4cb337834bd6327774b7a88fd59e8a9af784bf95ac7bc02bf13cd536f
docling-ibm-models==3.13.3 --hash=sha256:50fc83d244ce2dc43158e02155d1caa68374d7a169d0f34e67d7eb14f396ffe6
docling-parse==7.8.1 --hash=sha256:90be75ae0f4d1f9c03bfbb0c2aaa6e1b31c25c58531541cd3a542352e4a5db1a
docling-slim==2.115.0 --hash=sha256:affa089efd112c88330af91b84a6a6d600731221c21e0971cd67a21a30448643
duckduckgo_search==6.2.4 --hash=sha256:19358d892ae7d010492d08f7ed5f7790e2df25a3f6bf1c83e8de9bdcf895fd91
durationpy==0.10 --hash=sha256:3b41e1b601234296b4fb368338fdcd3e13e0b4fb5b67345948f4f2bf9868b286
et_xmlfile==2.0.0 --hash=sha256:7a91720bc756843502c3b7504c77b8fe44217c85c537d85037f0f536151b2caa
Faker==40.36.0 --hash=sha256:82b9497d9cfe017048075bcf969298a74b1b6e39f5e4dad1211085d1133f7b62
fastapi==0.141.0 --hash=sha256:5567705c791fa33202dabd1860df1d1650a7b1bf373378198d7b0675c9574618
filelock==3.32.2 --hash=sha256:87dd94cf281e586d135fa51132b8e3d9a598b316e90377a288663c9321036c82
filetype==1.2.0 --hash=sha256:7ce71b6880181241cf7ac8697a2f1eb6a8bd9b429f7ad6d27b8db9ba5f1c2d25
flatbuffers==25.12.19 --hash=sha256:7634f50c427838bb021c2d66a3d1168e9d199b0607e6329399f04846d42e20b4
frozenlist==1.8.0 --hash=sha256:ac913f8403b36a2c8610bbfd25b8013488533e71e62b4b4adce9c86c8cea905b
fsspec==2026.7.0 --hash=sha256:b57ddbafedfaef7018c1ecab32aa200a9d7ca26b77965f64e48b70061249d279
googleapis-common-protos==1.75.1 --hash=sha256:28a1934bcd33b9c9da66ac301a0a4227e3367f095a17d0375cb98f0a09d93b79
greenlet==3.0.3 --hash=sha256:1ea188d4f49089fc6fb283845ab18a2518d279c7cd9da1065d7a84e991748728
grpcio==1.83.0 --hash=sha256:7416952ca770477990257206276999056f8316d79196f2f25942393e58a20b49
h11==0.16.0 --hash=sha256:63cf8bbe7522de3bf65932fda1d9c2772064ffb3dae62d55932da54b31cb6c86
httpcore==1.0.9 --hash=sha256:2d400746a40668fc9dec9810239072b40b4484b640a8c38fd654a024c7a1bf55
httptools==0.8.0 --hash=sha256:a1b4c8e7a489a0d750d91894e9a8cdc295838f1924c0ca903ae993456fddec07
httpx==0.28.1 --hash=sha256:d909fcccc110f8c7faf814ca82a9a4d816bc5a6dbfea25d6591d6985b8ba59ad
huggingface_hub==0.36.2 --hash=sha256:48f0c8eac16145dfce371e9d2d7772854a4f591bcb56c9cf548accf531d54270
idna==3.18 --hash=sha256:7f952cbe720b688055e3f87de14f5c3e5fdaa8bc3928985c4077ca689de849a2
importlib_resources==7.1.0 --hash=sha256:1bd7b48b4088eddb2cd16382150bb515af0bd2c70128194392725f82ad2c96a1
Jinja2==3.1.6 --hash=sha256:85ece4451f492d0c13c5dd7c13a64681a86afae63a5f347908daf103ce6d2f67
joblib==1.5.3 --hash=sha256:5fc3c5039fc5ca8c0276333a188bbd59d6b7ab37fe6632daa76bc7f9ec18e713
jsonlines==4.0.0 --hash=sha256:185b334ff2ca5a91362993f42e83588a360cf95ce4b71a73548502bda52a7c55
jsonpatch==1.33 --hash=sha256:0ae28c0cd062bbd8b8ecc26d7d164fbbea9652a1a3693f3b956c1eae5145dade
jsonpointer==3.1.1 --hash=sha256:8ff8b95779d071ba472cf5bc913028df06031797532f08a7d5b602d8b2a488ca
jsonref==1.1.0 --hash=sha256:590dc7773df6c21cbf948b5dac07a72a251db28b0238ceecce0a2abfa8ec30a9
jsonschema==4.26.0 --hash=sha256:d489f15263b8d200f8387e64b4c3a75f06629559fb73deb8fdfb525f2dab50ce
jsonschema-specifications==2025.9.1 --hash=sha256:98802fee3a11ee76ecaca44429fda8a41bff98b00a0f2838151b113f210cc6fe
kubernetes==36.0.3 --hash=sha256:8fde9241c4b298e6374a069dcf728359b4e72c2fb29489a975ba4e1c047cf10f
langchain==0.2.5 --hash=sha256:9aded9a65348254e1c93dcdaacffe4d1b6a5e7f74ef80c160c88ff78ad299228
langchain-community==0.2.5 --hash=sha256:bf37a334952e42c7676d083cf2d2c4cbfbb7de1949c4149fe19913e2b06c485f
langchain-core==0.2.43 --hash=sha256:619601235113298ebf8252a349754b7c28d3cf7166c7c922da24944b78a9363a
langchain-huggingface==0.0.3 --hash=sha256:d6827adf3c7c8fcc0bca8c43c7e900c3bf68af9a1532a83d4b8ace137e02887e
langchain-text-splitters==0.2.4 --hash=sha256:2702dee5b7cbdd595ccbe43b8d38d01a34aa8583f4d6a5a68ad2305ae3e7b645
langsmith==0.1.147 --hash=sha256:7166fc23b965ccf839d64945a78e9f1157757add228b086141eb03a60d699a15
latex2mathml==3.81.0 --hash=sha256:d317710393fe20579aea39cfe8928fa2ad9b8780896e585326c75e89c1d1d1a4
lxml==6.1.1 --hash=sha256:abbefa31eee84842140f67acef1c828e28bba8bbf0c3bc6e5492a9af88152c28
mail-parser==4.6.1 --hash=sha256:f688394e26e3f838fee33039bda5b8ea1876622c81ff0c5f0db5a817379ff62c
markdown-it-py==4.2.0 --hash=sha256:9f7ebbcd14fe59494226453aed97c1070d83f8d24b6fc3a3bcf9a38092641c4a
marko==2.2.4 --hash=sha256:d80510506edba096ec49d4720a09645fa0bb78e7b7b88697f20032fc19730aa9
MarkupSafe==3.0.3 --hash=sha256:de8a88e63464af587c950061a5e6a67d3632e36df62b986892331d4620a35c01
marshmallow==3.26.2 --hash=sha256:013fa8a3c4c276c24d26d84ce934dc964e2aa794345a0f8c7e5a7191482c8a73
mdurl==0.1.2 --hash=sha256:84008a41e51615a49fc9966191ff91509e3c40b939176e643fd50a5c2196b8f8
mmh3==5.2.1 --hash=sha256:1e4ecee40ba19e6975e1120829796770325841c2f153c0e9aecca927194c6a2a
monotonic==1.6 --hash=sha256:68687e19a14f11f26d140dd5c86f3dba4bf5df58003000ed467e0e2a69bca96c
mpire==2.10.2 --hash=sha256:d627707f7a8d02aa4c7f7d59de399dec5290945ddf7fbd36cbb1d6ebb37a51fb
mpmath==1.3.0 --hash=sha256:a0b2b9fe80bbcd81a6647ff13108738cfb482d481d826cc0e02f5b35e5c88d2c
multidict==6.7.1 --hash=sha256:bdbf9f3b332abd0cdb306e7c2113818ab1e922dc84b8f8fd06ec89ed2a19ab8b
multiprocess==0.70.19 --hash=sha256:928851ae7973aea4ce0eaf330bbdafb2e01398a91518d5c8818802845564f45c
mypy_extensions==1.1.0 --hash=sha256:1be4cccdb0f2482337c4743e60421de3a356cd97508abadd57d47403e94f5505
narwhals==2.24.0 --hash=sha256:42fdedf44e5b2ca7505630d45b4ac3058f38d8485cba9fe1652ca23152df7489
networkx==3.6.1 --hash=sha256:d47fbf302e7d9cbbb9e2555a0d267983d2aa476bac30e90dfbe5669bd57f3762
numpy==1.26.4 --hash=sha256:cd25bcecc4974d09257ffcd1f098ee778f7834c3ad767fe5db785be9a4aa9cb2
oauthlib==3.3.1 --hash=sha256:88119c938d2b8fb88561af5f6ee0eec8cc8d552b7bb1f712743136eb7523b7a1
omegaconf==2.3.1 --hash=sha256:3d701d14e9a8828f1edd28bb70b725908b34277cdd72cf7d6a83f94dadc6b6a0
onnxruntime==1.28.0 --hash=sha256:0d650aeee29368414367b65529e90afe4bf1bab76254789063b8b2f7ea3013c8
opencv-python==4.11.0.86 --hash=sha256:085ad9b77c18853ea66283e98affefe2de8cc4c1f43eda4c100cf9b2721142ec
openpyxl==3.1.5 --hash=sha256:5282c12b107bffeef825f4617dc029afaf41d0ea60823bbb665ef3079dc79de2
opentelemetry-api==1.44.0 --hash=sha256:94b98c893a91b88657eaac1e3ba89618cdb85be6918196705354f34728b2cdef
opentelemetry-exporter-otlp-proto-common==1.44.0 --hash=sha256:9a9fe61bba73d802904bc989f1d6b4a7b1ee40f06c40e98d6f85af65aaebb694
opentelemetry-exporter-otlp-proto-grpc==1.44.0 --hash=sha256:6a1a645ea182a2f59440c51fa8301d309f3324a8f9d65f8395584b064b67ee4e
opentelemetry-instrumentation==0.65b0 --hash=sha256:ea967a72b9939b5fcfdad572753b4306c59dcb99e3f382d95dae04286805e137
opentelemetry-instrumentation-asgi==0.65b0 --hash=sha256:3a845a8ebd1c4ef0d8263401e6545f5b219b2feee612090d50f578a87e71fd65
opentelemetry-instrumentation-fastapi==0.65b0 --hash=sha256:cda2610a0ec1b22d19886f33e4d861e9f5dbb886aeaa3a1263b47aff82c36943
opentelemetry-proto==1.44.0 --hash=sha256:898b155a0e1557afd867478fb6158e8122a46329ca0bb8dc53cc55e98f017f56
opentelemetry-sdk==1.44.0 --hash=sha256:df081c4c6bcfdb1211e3e86140376792643128a25f8d72d1d27675936e7e96ad
opentelemetry-semantic-conventions==0.65b0 --hash=sha256:1cacde7b0ad306f84c5ef08c3dbe1bbaf20165bba6f8bff43b670e555a086bcb
opentelemetry-util-http==0.65b0 --hash=sha256:7553b606f963097cb190536dc30556cce85090692e471a422fff30ca29b04348
orjson==3.11.9 --hash=sha256:57ea77fb70a448ce87d18fca050193202a3da5e54598f6501ca5476fb66cfe02
overrides==7.7.0 --hash=sha256:c7ed9d062f78b8e4c1a7b70bd8796b35ead4d9f510227ef9c5dc7626c60d7e49
packaging==24.2 --hash=sha256:09abb1bccd265c01f4a3aa3f7a7db064b36514d2cba19a2f694fe6150451a759
pandas==3.0.5 --hash=sha256:b1261758dfb6cf12c3cff8300e21cefad30e7ec709abb4c24ac7318e6a52462a
pillow==12.3.0 --hash=sha256:8e95e1385e4998ae9694eeaa4730ba5457ff61185b3a55e2e7bea0880aef452a
playwright==1.45.0 --hash=sha256:701db496928429aec103739e48e3110806bd5cf49456cc95b89f28e1abda71da
pluggy==1.6.0 --hash=sha256:e920276dd6813095e9377c0bc5566d94c932c33b27a3e3945d8389c374dd4746
polyfactory==3.3.0 --hash=sha256:686abcaa761930d3df87b91e95b26b8d8cb9fdbbbe0b03d5f918acff5c72606e
posthog==3.5.0 --hash=sha256:3c672be7ba6f95d555ea207d4486c171d06657eb34b3ce25eb043bfe7b6b5b76
primp==1.3.1 --hash=sha256:c0d1e294466cd5ec7ef173eedf8df25cbdc050138d40447a906e92b8553e7765
propcache==0.5.2 --hash=sha256:44e488ef40dbb452700b2b1f8188934121f6648f52c295055662d2191959ff82
protobuf==7.35.1 --hash=sha256:230a75ddfc2de4806e56696ce9640c1cdfdb6543b7cfce98d42a4c0a0e7bdb87
psutil==7.2.2 --hash=sha256:eb7e81434c8d223ec4a219b5fc1c47d0417b12be7ea866e24fb5ad6e84b3d988
pyclipper==1.4.0 --hash=sha256:e9b973467d9c5fa9bc30bb6ac95f9f4d7c3d9fc25f6cf2d1cc972088e5955c01
pycparser==3.0 --hash=sha256:b727414169a36b7d524c1c3e31839a521725078d7b2ff038656844266160a992
pydantic==2.13.4 --hash=sha256:45a282cde31d808236fd7ea9d919b128653c8b38b393d1c4ab335c62924d9aba
pydantic_core==2.46.4 --hash=sha256:6f2eeda33a839975441c86a4119e1383c50b47faf0cbb5176985565c6bb02c33
pydantic-settings==2.15.0 --hash=sha256:0ba092c291c94baceb5eff768aa0d56400a457585bc0175925a5a5510303da42
pyee==11.1.0 --hash=sha256:5d346a7d0f861a4b2e6c47960295bd895f816725b27d656181947346be98d7c1
Pygments==2.20.0 --hash=sha256:81a9e26dd42fd28a23a2d169d86d7ac03b46e2f8b59ed4698fb4785f946d0176
pylatexenc==2.11 --hash=sha256:e78e7391d6c104f1ed150e21cfaa58016cdb50aa54406a2eecb793649ffdfdd0
pypdf==6.15.0 --hash=sha256:14e001d6504822cb1ca9c7ed9a69bccb320f59b320730f55af804361abe4d5ee
pypdfium2==5.12.1 --hash=sha256:9609be73a6701a68f29dffe0335f7a2e4b3ba581542ed65d35d49f761a4600ca
PyPika==0.51.1 --hash=sha256:77985b4d7ce71b9905255bf12468cf598349e98837c037541cfc240e528aec46
pyproject_hooks==1.2.0 --hash=sha256:9e5c6bfa8dcc30091c74b0cf803c81fdd29d94f01992a7707bc97babb1141913
python-dateutil==2.9.0.post0 --hash=sha256:a8b2bc7bffae282281c8140a97d3aa9c14da0b136dfe83f850eea9a5f7470427
python-docx==1.2.0 --hash=sha256:3fd478f3250fbbbfd3b94fe1e985955737c145627498896a8a6bf81f4baf66c7
python-dotenv==1.2.2 --hash=sha256:1d8214789a24de455a8b8bd8ae6fe3c6b69a5e3d64aa8a8e5d68e694bbcb285a
python-multipart==0.0.32 --hash=sha256:ff6d3f776f16878c894e52e107296ffc890e913c611b1a4ec6c44e2821fe2e23
python-pptx==1.0.2 --hash=sha256:160838e0b8565a8b1f67947675886e9fea18aa5e795db7ae531606d68e785cba
pywin32==307 --hash=sha256:987a86971753ed7fdd52a7fb5747aba955b2c7fbbc3d8b76ec850358c1cc28c3
PyYAML==6.0.3 --hash=sha256:9f3bfb4965eb874431221a3ff3fdcddc7e74e3b07799e0e84ca4a0f867d449bf
rank-bm25==0.2.2 --hash=sha256:7bd4a95571adadfc271746fa146a4bcfd89c0cf731e49c3d1ad863290adbe8ae
rapidocr==3.9.2 --hash=sha256:04d6b8d151f823d930bd91910555f57bea897c0c44fa6794267b94cf9c1ef9a0
referencing==0.37.0 --hash=sha256:381329a9f99628c9069361716891d34ad94af76e461dcb0335825aecc7692231
regex==2026.7.19 --hash=sha256:8d3469c91dd92ee41b7c95280edbd975ef1ba9195086686623a1c6e8935ce965
requests==2.34.2 --hash=sha256:2a0d60c172f83ac6ab31e4554906c0f3b3588d37b5cb939b1c061f4907e278e0
requests-oauthlib==2.0.0 --hash=sha256:7dd8a5c40426b779b0868c404bdef9768deccf22749cde15852df527e6269b36
requests-toolbelt==1.0.0 --hash=sha256:cccfdd665f0a24fcf4726e690f65639d272bb0637b9b92dfd91a5568ccf6bd06
rich==15.0.0 --hash=sha256:33bd4ef74232fb73fe9279a257718407f169c09b78a87ad3d296f548e27de0bb
rpds-py==2026.6.3 --hash=sha256:2c54a076ca4d370980ab57bc0e31df57bbe8d41340436a90ef8b1219a3cbb127
rtree==1.4.1 --hash=sha256:efe125f416fd27150197ab8521158662943a40f87acab8028a1aac4ad667a489
safetensors==0.8.0 --hash=sha256:096ec1a98435df7beb08853bb5aa9081a84f23d0adc67ed1a0a10550f608373f
scikit-learn==1.9.0 --hash=sha256:5dc1818c77575d149e25fce9ef82dd7b7263ae372f03494158668ad632a69759
scipy==1.17.1 --hash=sha256:d30e57c72013c2a4fe441c2fcb8e77b14e152ad48b5464858e07e2ad9fbfceff
semchunk==3.2.5 --hash=sha256:fd09cc5f380bd010b8ca773bd81893f7eaf11d37dd8362a83d46cedaf5dae076
sentence-transformers==3.0.1 --hash=sha256:01050cc4053c49b9f5b78f6980b5a72db3fd3a0abb9169b1792ac83875505ee6
setuptools==84.0.0 --hash=sha256:51a52592b3b99e102b609654876bd65f19f999935166d1352678931132b0c670
shapely==2.1.2 --hash=sha256:c64d5c97b2f47e3cd9b712eaced3b061f2b71234b3fc263e0fcf7d889c6559dc
shellingham==1.5.4 --hash=sha256:7ecfff8f2fd72616f7481040475a65b2bf8af90a56c89140852d1120324e8686
six==1.17.0 --hash=sha256:4721f391ed90541fddacab5acf947aa0d3dc7d27b2e1e8eda2be8970586c3274
soupsieve==2.9.2 --hash=sha256:8089a26fd974ca7a1f30276d3d8492ab266ab15af581642dfe8aa162e0c1c823
SQLAlchemy==2.0.52 --hash=sha256:f1c850792a3b25a3ad74dade3f05e4f402cdebfea27438bcadafaa1617f77bcc
starlette==1.3.1 --hash=sha256:c7372aae11c3c3f26a42df7bd626cec2f47d03483d261d369516a615a53714c6
sympy==1.14.0 --hash=sha256:e091cc3e99d2141a0ba2847328f5479b05d94a6635cb96148ccb3f34671bd8f5
tabulate==0.10.0 --hash=sha256:f0b0622e567335c8fabaaa659f1b33bcb6ddfe2e496071b743aa113f8774f2d3
tenacity==8.5.0 --hash=sha256:b594c2a5945830c267ce6b79a166228323ed52718f30302c1359836112346687
threadpoolctl==3.6.0 --hash=sha256:43a0b8fd5a2928500110039e43a5eed8480b918967083ea48dc3ab9f13c4a7fb
tokenizers==0.22.2 --hash=sha256:c9ea31edff2968b44a88f97d784c2f16dc0729b8b143ed004699ebca91f05c48
torch==2.13.0 --hash=sha256:a0d8b11f16a48d60e2015d8213aa0390744cbebb98e58b62b3514dddc656e330
torchvision==0.28.0 --hash=sha256:9a45ea67235d965ef52187130d20002a4de20c54ea3d927a24286961d268dc37
tqdm==4.70.0 --hash=sha256:7f585706bfddbdebf89daac705b2dfcc16890130727d3197ca62c732b4310953
transformers==4.57.6 --hash=sha256:4c9e9de11333ddfe5114bc872c9f370509198acf0b87a832a0ab9458e2bd0550
tree-sitter==0.26.0 --hash=sha256:0f8793fd18ad7eec276ed4b51c097b4bf2002b357259b66b0d75db1f3f41c754
tree-sitter-c==0.24.2 --hash=sha256:abb549225091f7b25df2dd3a0143ece6e208f7055d8bcb4700b41ee79b9ef1e1
tree-sitter-javascript==0.25.0 --hash=sha256:e5ed840f5bd4a3f0272e441d19429b26eedc257abe5574c8546da6b556865e3c
tree-sitter-python==0.25.0 --hash=sha256:9bcde33f18792de54ee579b00e1b4fe186b7926825444766f849bf7181793a76
tree-sitter-typescript==0.23.2 --hash=sha256:3f730b66396bc3e11811e4465c41ee45d9e9edd6de355a58bbbc49fa770da8f9
typer==0.24.2 --hash=sha256:b618bc3d721f9a8d30f3e05565be26416d06e9bcc29d49bc491dc26aba674fa8
typing_extensions==4.16.0 --hash=sha256:481caa481374e813c1b176ada14e97f1f67a4539ce9cfeb3f350d78d6370c2e8
typing-inspect==0.9.0 --hash=sha256:9ee6fc59062311ef8547596ab6b955e1b8aa46242d854bfc78f4f6b0eff35f9f
typing-inspection==0.4.4 --hash=sha256:65b8397ba37ccbce054456aaccddfc91e6e3083c92824df348d96ca832f3f147
tzdata==2026.3 --hash=sha256:dc096730c87af6cab1b171c9d532be840741ff5d459015e7f6947bd7d7e54931
urllib3==2.7.0 --hash=sha256:9fb4c81ebbb1ce9531cce37674bbc6f1360472bc18ca9a553ede278ef7276897
uvicorn==0.52.0 --hash=sha256:3d887809810b89ed33501bcf0a9aba469b06ecd608158efce04bd6b48d8c9b08
watchfiles==1.2.0 --hash=sha256:dbd6c97045dad81227c8d040173da044c1de08de64a5ea8b555da4aee1d5fa22
websocket-client==1.9.0 --hash=sha256:af248a825037ef591efbf6ed20cc5faa03d3b47b9e5a2230a529eeee1c1fc3ef
websockets==16.1.1 --hash=sha256:7421fad442de870a8cbf2287d1cad7e706ece0dbfeba5e911df132cbdc1cb56a
wrapt==2.3.0 --hash=sha256:195b1842b4122fb54e3cd3dd5b2b4aa49302a5a61da901df0481f5c97aedde84
xlsxwriter==3.2.9 --hash=sha256:9a5db42bc5dff014806c58a20b9eae7322a134abb6fce3c92c181bfb275ec5b3
yarl==1.24.5 --hash=sha256:f4239bbec5a3577ddb49e4b50aeb32d8e5792098262ae2f63723f916a29b1a25
